
Microsoft Visual Studio Solution File, Format Version 12.00
# Visual Studio Version 17
VisualStudioVersion = 17.7.34024.191
MinimumVisualStudioVersion = 10.0.40219.1
Project("{8BC9CEB8-8B4A-11D0-8D11-00A0C91BC942}") = "Project1", "Project1\Project1.vcxproj", "{8A45F379-1759-4777-B6FD-EB14A1152130}"
EndProject
Project("{8BC9CEB8-8B4A-11D0-8D11-00A0C91BC942}") = "Project2", "Project2\Project2.vcxproj", "{2DC132CE-2144-426C-92D2-647841045231}"
EndProject
Project("{8BC9CEB8-8B4A-11D0-8D11-00A0C91BC942}") = "Project3", "Project3\Project3.vcxproj", "{B490F190-900B-4B8C-9481-3DC82F6E5AAD}"
EndProject
Project("{8BC9CEB8-8B4A-11D0-8D11-00A0C91BC942}") = "Task 1", "Task 1\Task 1.vcxproj", "{BC26B6DF-21F7-466A-AD81-C54CAA7122BB}"
EndProject
Project("{8BC9CEB8-8B4A-11D0-8D11-00A0C91BC942}") = "01Task", "Project4\Project4.vcxproj", "{E7991FDD-E97D-4DF5-964B-3A64CC41E096}"
EndProject
Project("{8BC9CEB8-8B4A-11D0-8D11-00A0C91BC942}") = "11Task", "Project5\Project5.vcxproj", "{B32C54F5-A2B7-43B7-B17F-BCE5D25A5960}"
EndProject
Project("{8BC9CEB8-8B4A-11D0-8D11-00A0C91BC942}") = "task02", "task02\task02.vcxproj", "{D264D562-A769-4D6F-9709-9B88D45CEB5C}"
EndProject
Project("{8BC9CEB8-8B4A-11D0-8D11-00A0C91BC942}") = "Task 11", "Task 11\Task 11.vcxproj", "{5435B83A-2062-475E-AC62-3410BA3727CC}"
EndProject
Project("{8BC9CEB8-8B4A-11D0-8D11-00A0C91BC942}") = "13Task", "13Task\13Task.vcxproj", "{F9E2727E-A6BA-4741-90AD-4BADEFE55AB7}"
EndProject
Project("{8BC9CEB8-8B4A-11D0-8D11-00A0C91BC942}") = "04Task", "04Task\04Task.vcxproj", "{11978423-8890-432D-896F-1CBA8B887F7A}"
EndProject
Project("{8BC9CEB8-8B4A-11D0-8D11-00A0C91BC942}") = "12Task", "10Task\10Task.vcxproj", "{619B2FFB-34F3-48BE-B6C7-E0E036F9E20E}"
EndProject
Project("{8BC9CEB8-8B4A-11D0-8D11-00A0C91BC942}") = "15Task", "15Task\15Task.vcxproj", "{DE77F721-D4DF-4145-A2C8-6049DC747DDA}"
EndProject
Project("{8BC9CEB8-8B4A-11D0-8D11-00A0C91BC942}") = "Task10", "Task10\Task10.vcxproj", "{944B399E-BE46-4389-9A98-C74CC6456A29}"
EndProject
Project("{8BC9CEB8-8B4A-11D0-8D11-00A0C91BC942}") = "02Task", "02Task\02Task.vcxproj", "{A27469CC-3AC5-4C31-BE21-D5FFF15B1117}"
EndProject
Project("{8BC9CEB8-8B4A-11D0-8D11-00A0C91BC942}") = "2", "2\2.vcxproj", "{E11E5420-B561-40C2-9E4F-997701235AB3}"
EndProject
Project("{8BC9CEB8-8B4A-11D0-8D11-00A0C91BC942}") = "12", "12\12.vcxproj", "{1A251201-7268-4959-9632-B99BFB868BC8}"
EndProject
Global
	GlobalSection(SolutionConfigurationPlatforms) = preSolution
		Debug|x64 = Debug|x64
		Debug|x86 = Debug|x86
		Release|x64 = Release|x64
		Release|x86 = Release|x86
	EndGlobalSection
	GlobalSection(ProjectConfigurationPlatforms) = postSolution
		{8A45F379-1759-4777-B6FD-EB14A1152130}.Debug|x64.ActiveCfg = Debug|x64
		{8A45F379-1759-4777-B6FD-EB14A1152130}.Debug|x64.Build.0 = Debug|x64
		{8A45F379-1759-4777-B6FD-EB14A1152130}.Debug|x86.ActiveCfg = Debug|Win32
		{8A45F379-1759-4777-B6FD-EB14A1152130}.Debug|x86.Build.0 = Debug|Win32
		{8A45F379-1759-4777-B6FD-EB14A1152130}.Release|x64.ActiveCfg = Release|x64
		{8A45F379-1759-4777-B6FD-EB14A1152130}.Release|x64.Build.0 = Release|x64
		{8A45F379-1759-4777-B6FD-EB14A1152130}.Release|x86.ActiveCfg = Release|Win32
		{8A45F379-1759-4777-B6FD-EB14A1152130}.Release|x86.Build.0 = Release|Win32
		{2DC132CE-2144-426C-92D2-647841045231}.Debug|x64.ActiveCfg = Debug|x64
		{2DC132CE-2144-426C-92D2-647841045231}.Debug|x64.Build.0 = Debug|x64
		{2DC132CE-2144-426C-92D2-647841045231}.Debug|x86.ActiveCfg = Debug|Win32
		{2DC132CE-2144-426C-92D2-647841045231}.Debug|x86.Build.0 = Debug|Win32
		{2DC132CE-2144-426C-92D2-647841045231}.Release|x64.ActiveCfg = Release|x64
		{2DC132CE-2144-426C-92D2-647841045231}.Release|x64.Build.0 = Release|x64
		{2DC132CE-2144-426C-92D2-647841045231}.Release|x86.ActiveCfg = Release|Win32
		{2DC132CE-2144-426C-92D2-647841045231}.Release|x86.Build.0 = Release|Win32
		{B490F190-900B-4B8C-9481-3DC82F6E5AAD}.Debug|x64.ActiveCfg = Debug|x64
		{B490F190-900B-4B8C-9481-3DC82F6E5AAD}.Debug|x64.Build.0 = Debug|x64
		{B490F190-900B-4B8C-9481-3DC82F6E5AAD}.Debug|x86.ActiveCfg = Debug|Win32
		{B490F190-900B-4B8C-9481-3DC82F6E5AAD}.Debug|x86.Build.0 = Debug|Win32
		{B490F190-900B-4B8C-9481-3DC82F6E5AAD}.Release|x64.ActiveCfg = Release|x64
		{B490F190-900B-4B8C-9481-3DC82F6E5AAD}.Release|x64.Build.0 = Release|x64
		{B490F190-900B-4B8C-9481-3DC82F6E5AAD}.Release|x86.ActiveCfg = Release|Win32
		{B490F190-900B-4B8C-9481-3DC82F6E5AAD}.Release|x86.Build.0 = Release|Win32
		{BC26B6DF-21F7-466A-AD81-C54CAA7122BB}.Debug|x64.ActiveCfg = Debug|x64
		{BC26B6DF-21F7-466A-AD81-C54CAA7122BB}.Debug|x64.Build.0 = Debug|x64
		{BC26B6DF-21F7-466A-AD81-C54CAA7122BB}.Debug|x86.ActiveCfg = Debug|Win32
		{BC26B6DF-21F7-466A-AD81-C54CAA7122BB}.Debug|x86.Build.0 = Debug|Win32
		{BC26B6DF-21F7-466A-AD81-C54CAA7122BB}.Release|x64.ActiveCfg = Release|x64
		{BC26B6DF-21F7-466A-AD81-C54CAA7122BB}.Release|x64.Build.0 = Release|x64
		{BC26B6DF-21F7-466A-AD81-C54CAA7122BB}.Release|x86.ActiveCfg = Release|Win32
		{BC26B6DF-21F7-466A-AD81-C54CAA7122BB}.Release|x86.Build.0 = Release|Win32
		{E7991FDD-E97D-4DF5-964B-3A64CC41E096}.Debug|x64.ActiveCfg = Debug|x64
		{E7991FDD-E97D-4DF5-964B-3A64CC41E096}.Debug|x64.Build.0 = Debug|x64
		{E7991FDD-E97D-4DF5-964B-3A64CC41E096}.Debug|x86.ActiveCfg = Debug|Win32
		{E7991FDD-E97D-4DF5-964B-3A64CC41E096}.Debug|x86.Build.0 = Debug|Win32
		{E7991FDD-E97D-4DF5-964B-3A64CC41E096}.Release|x64.ActiveCfg = Release|x64
		{E7991FDD-E97D-4DF5-964B-3A64CC41E096}.Release|x64.Build.0 = Release|x64
		{E7991FDD-E97D-4DF5-964B-3A64CC41E096}.Release|x86.ActiveCfg = Release|Win32
		{E7991FDD-E97D-4DF5-964B-3A64CC41E096}.Release|x86.Build.0 = Release|Win32
		{B32C54F5-A2B7-43B7-B17F-BCE5D25A5960}.Debug|x64.ActiveCfg = Debug|x64
		{B32C54F5-A2B7-43B7-B17F-BCE5D25A5960}.Debug|x64.Build.0 = Debug|x64
		{B32C54F5-A2B7-43B7-B17F-BCE5D25A5960}.Debug|x86.ActiveCfg = Debug|Win32
		{B32C54F5-A2B7-43B7-B17F-BCE5D25A5960}.Debug|x86.Build.0 = Debug|Win32
		{B32C54F5-A2B7-43B7-B17F-BCE5D25A5960}.Release|x64.ActiveCfg = Release|x64
		{B32C54F5-A2B7-43B7-B17F-BCE5D25A5960}.Release|x64.Build.0 = Release|x64
		{B32C54F5-A2B7-43B7-B17F-BCE5D25A5960}.Release|x86.ActiveCfg = Release|Win32
		{B32C54F5-A2B7-43B7-B17F-BCE5D25A5960}.Release|x86.Build.0 = Release|Win32
		{D264D562-A769-4D6F-9709-9B88D45CEB5C}.Debug|x64.ActiveCfg = Debug|x64
		{D264D562-A769-4D6F-9709-9B88D45CEB5C}.Debug|x64.Build.0 = Debug|x64
		{D264D562-A769-4D6F-9709-9B88D45CEB5C}.Debug|x86.ActiveCfg = Debug|Win32
		{D264D562-A769-4D6F-9709-9B88D45CEB5C}.Debug|x86.Build.0 = Debug|Win32
		{D264D562-A769-4D6F-9709-9B88D45CEB5C}.Release|x64.ActiveCfg = Release|x64
		{D264D562-A769-4D6F-9709-9B88D45CEB5C}.Release|x64.Build.0 = Release|x64
		{D264D562-A769-4D6F-9709-9B88D45CEB5C}.Release|x86.ActiveCfg = Release|Win32
		{D264D562-A769-4D6F-9709-9B88D45CEB5C}.Release|x86.Build.0 = Release|Win32
		{5435B83A-2062-475E-AC62-3410BA3727CC}.Debug|x64.ActiveCfg = Debug|x64
		{5435B83A-2062-475E-AC62-3410BA3727CC}.Debug|x64.Build.0 = Debug|x64
		{5435B83A-2062-475E-AC62-3410BA3727CC}.Debug|x86.ActiveCfg = Debug|Win32
		{5435B83A-2062-475E-AC62-3410BA3727CC}.Debug|x86.Build.0 = Debug|Win32
		{5435B83A-2062-475E-AC62-3410BA3727CC}.Release|x64.ActiveCfg = Release|x64
		{5435B83A-2062-475E-AC62-3410BA3727CC}.Release|x64.Build.0 = Release|x64
		{5435B83A-2062-475E-AC62-3410BA3727CC}.Release|x86.ActiveCfg = Release|Win32
		{5435B83A-2062-475E-AC62-3410BA3727CC}.Release|x86.Build.0 = Release|Win32
		{F9E2727E-A6BA-4741-90AD-4BADEFE55AB7}.Debug|x64.ActiveCfg = Debug|x64
		{F9E2727E-A6BA-4741-90AD-4BADEFE55AB7}.Debug|x64.Build.0 = Debug|x64
		{F9E2727E-A6BA-4741-90AD-4BADEFE55AB7}.Debug|x86.ActiveCfg = Debug|Win32
		{F9E2727E-A6BA-4741-90AD-4BADEFE55AB7}.Debug|x86.Build.0 = Debug|Win32
		{F9E2727E-A6BA-4741-90AD-4BADEFE55AB7}.Release|x64.ActiveCfg = Release|x64
		{F9E2727E-A6BA-4741-90AD-4BADEFE55AB7}.Release|x64.Build.0 = Release|x64
		{F9E2727E-A6BA-4741-90AD-4BADEFE55AB7}.Release|x86.ActiveCfg = Release|Win32
		{F9E2727E-A6BA-4741-90AD-4BADEFE55AB7}.Release|x86.Build.0 = Release|Win32
		{11978423-8890-432D-896F-1CBA8B887F7A}.Debug|x64.ActiveCfg = Debug|x64
		{11978423-8890-432D-896F-1CBA8B887F7A}.Debug|x64.Build.0 = Debug|x64
		{11978423-8890-432D-896F-1CBA8B887F7A}.Debug|x86.ActiveCfg = Debug|Win32
		{11978423-8890-432D-896F-1CBA8B887F7A}.Debug|x86.Build.0 = Debug|Win32
		{11978423-8890-432D-896F-1CBA8B887F7A}.Release|x64.ActiveCfg = Release|x64
		{11978423-8890-432D-896F-1CBA8B887F7A}.Release|x64.Build.0 = Release|x64
		{11978423-8890-432D-896F-1CBA8B887F7A}.Release|x86.ActiveCfg = Release|Win32
		{11978423-8890-432D-896F-1CBA8B887F7A}.Release|x86.Build.0 = Release|Win32
		{619B2FFB-34F3-48BE-B6C7-E0E036F9E20E}.Debug|x64.ActiveCfg = Debug|x64
		{619B2FFB-34F3-48BE-B6C7-E0E036F9E20E}.Debug|x64.Build.0 = Debug|x64
		{619B2FFB-34F3-48BE-B6C7-E0E036F9E20E}.Debug|x86.ActiveCfg = Debug|Win32
		{619B2FFB-34F3-48BE-B6C7-E0E036F9E20E}.Debug|x86.Build.0 = Debug|Win32
		{619B2FFB-34F3-48BE-B6C7-E0E036F9E20E}.Release|x64.ActiveCfg = Release|x64
		{619B2FFB-34F3-48BE-B6C7-E0E036F9E20E}.Release|x64.Build.0 = Release|x64
		{619B2FFB-34F3-48BE-B6C7-E0E036F9E20E}.Release|x86.ActiveCfg = Release|Win32
		{619B2FFB-34F3-48BE-B6C7-E0E036F9E20E}.Release|x86.Build.0 = Release|Win32
		{DE77F721-D4DF-4145-A2C8-6049DC747DDA}.Debug|x64.ActiveCfg = Debug|x64
		{DE77F721-D4DF-4145-A2C8-6049DC747DDA}.Debug|x64.Build.0 = Debug|x64
		{DE77F721-D4DF-4145-A2C8-6049DC747DDA}.Debug|x86.ActiveCfg = Debug|Win32
		{DE77F721-D4DF-4145-A2C8-6049DC747DDA}.Debug|x86.Build.0 = Debug|Win32
		{DE77F721-D4DF-4145-A2C8-6049DC747DDA}.Release|x64.ActiveCfg = Release|x64
		{DE77F721-D4DF-4145-A2C8-6049DC747DDA}.Release|x64.Build.0 = Release|x64
		{DE77F721-D4DF-4145-A2C8-6049DC747DDA}.Release|x86.ActiveCfg = Release|Win32
		{DE77F721-D4DF-4145-A2C8-6049DC747DDA}.Release|x86.Build.0 = Release|Win32
		{944B399E-BE46-4389-9A98-C74CC6456A29}.Debug|x64.ActiveCfg = Debug|x64
		{944B399E-BE46-4389-9A98-C74CC6456A29}.Debug|x64.Build.0 = Debug|x64
		{944B399E-BE46-4389-9A98-C74CC6456A29}.Debug|x86.ActiveCfg = Debug|Win32
		{944B399E-BE46-4389-9A98-C74CC6456A29}.Debug|x86.Build.0 = Debug|Win32
		{944B399E-BE46-4389-9A98-C74CC6456A29}.Release|x64.ActiveCfg = Release|x64
		{944B399E-BE46-4389-9A98-C74CC6456A29}.Release|x64.Build.0 = Release|x64
		{944B399E-BE46-4389-9A98-C74CC6456A29}.Release|x86.ActiveCfg = Release|Win32
		{944B399E-BE46-4389-9A98-C74CC6456A29}.Release|x86.Build.0 = Release|Win32
		{A27469CC-3AC5-4C31-BE21-D5FFF15B1117}.Debug|x64.ActiveCfg = Debug|x64
		{A27469CC-3AC5-4C31-BE21-D5FFF15B1117}.Debug|x64.Build.0 = Debug|x64
		{A27469CC-3AC5-4C31-BE21-D5FFF15B1117}.Debug|x86.ActiveCfg = Debug|Win32
		{A27469CC-3AC5-4C31-BE21-D5FFF15B1117}.Debug|x86.Build.0 = Debug|Win32
		{A27469CC-3AC5-4C31-BE21-D5FFF15B1117}.Release|x64.ActiveCfg = Release|x64
		{A27469CC-3AC5-4C31-BE21-D5FFF15B1117}.Release|x64.Build.0 = Release|x64
		{A27469CC-3AC5-4C31-BE21-D5FFF15B1117}.Release|x86.ActiveCfg = Release|Win32
		{A27469CC-3AC5-4C31-BE21-D5FFF15B1117}.Release|x86.Build.0 = Release|Win32
		{E11E5420-B561-40C2-9E4F-997701235AB3}.Debug|x64.ActiveCfg = Debug|x64
		{E11E5420-B561-40C2-9E4F-997701235AB3}.Debug|x64.Build.0 = Debug|x64
		{E11E5420-B561-40C2-9E4F-997701235AB3}.Debug|x86.ActiveCfg = Debug|Win32
		{E11E5420-B561-40C2-9E4F-997701235AB3}.Debug|x86.Build.0 = Debug|Win32
		{E11E5420-B561-40C2-9E4F-997701235AB3}.Release|x64.ActiveCfg = Release|x64
		{E11E5420-B561-40C2-9E4F-997701235AB3}.Release|x64.Build.0 = Release|x64
		{E11E5420-B561-40C2-9E4F-997701235AB3}.Release|x86.ActiveCfg = Release|Win32
		{E11E5420-B561-40C2-9E4F-997701235AB3}.Release|x86.Build.0 = Release|Win32
		{1A251201-7268-4959-9632-B99BFB868BC8}.Debug|x64.ActiveCfg = Debug|x64
		{1A251201-7268-4959-9632-B99BFB868BC8}.Debug|x64.Build.0 = Debug|x64
		{1A251201-7268-4959-9632-B99BFB868BC8}.Debug|x86.ActiveCfg = Debug|Win32
		{1A251201-7268-4959-9632-B99BFB868BC8}.Debug|x86.Build.0 = Debug|Win32
		{1A251201-7268-4959-9632-B99BFB868BC8}.Release|x64.ActiveCfg = Release|x64
		{1A251201-7268-4959-9632-B99BFB868BC8}.Release|x64.Build.0 = Release|x64
		{1A251201-7268-4959-9632-B99BFB868BC8}.Release|x86.ActiveCfg = Release|Win32
		{1A251201-7268-4959-9632-B99BFB868BC8}.Release|x86.Build.0 = Release|Win32
	EndGlobalSection
	GlobalSection(SolutionProperties) = preSolution
		HideSolutionNode = FALSE
	EndGlobalSection
	GlobalSection(ExtensibilityGlobals) = postSolution
		SolutionGuid = {678FD668-5A1B-4E27-98F1-F42D0131EADB}
	EndGlobalSection
EndGlobal
