
Microsoft Visual Studio Solution File, Format Version 12.00
# Visual Studio Version 17
VisualStudioVersion = 17.7.34024.191
MinimumVisualStudioVersion = 10.0.40219.1
Project("{8BC9CEB8-8B4A-11D0-8D11-00A0C91BC942}") = "2024.04.18_control_znanij", "2024.04.18_control_znanij\2024.04.18_control_znanij.vcxproj", "{33EAFD68-8BE7-4D7E-9978-14CF3FA46E08}"
EndProject
Global
	GlobalSection(SolutionConfigurationPlatforms) = preSolution
		Debug|x64 = Debug|x64
		Debug|x86 = Debug|x86
		Release|x64 = Release|x64
		Release|x86 = Release|x86
	EndGlobalSection
	GlobalSection(ProjectConfigurationPlatforms) = postSolution
		{33EAFD68-8BE7-4D7E-9978-14CF3FA46E08}.Debug|x64.ActiveCfg = Debug|x64
		{33EAFD68-8BE7-4D7E-9978-14CF3FA46E08}.Debug|x64.Build.0 = Debug|x64
		{33EAFD68-8BE7-4D7E-9978-14CF3FA46E08}.Debug|x86.ActiveCfg = Debug|Win32
		{33EAFD68-8BE7-4D7E-9978-14CF3FA46E08}.Debug|x86.Build.0 = Debug|Win32
		{33EAFD68-8BE7-4D7E-9978-14CF3FA46E08}.Release|x64.ActiveCfg = Release|x64
		{33EAFD68-8BE7-4D7E-9978-14CF3FA46E08}.Release|x64.Build.0 = Release|x64
		{33EAFD68-8BE7-4D7E-9978-14CF3FA46E08}.Release|x86.ActiveCfg = Release|Win32
		{33EAFD68-8BE7-4D7E-9978-14CF3FA46E08}.Release|x86.Build.0 = Release|Win32
	EndGlobalSection
	GlobalSection(SolutionProperties) = preSolution
		HideSolutionNode = FALSE
	EndGlobalSection
	GlobalSection(ExtensibilityGlobals) = postSolution
		SolutionGuid = {FE0AEFBD-D92C-49F1-8F0B-5D5690849C9F}
	EndGlobalSection
EndGlobal
