
Microsoft Visual Studio Solution File, Format Version 12.00
# Visual Studio Version 17
VisualStudioVersion = 17.7.34024.191
MinimumVisualStudioVersion = 10.0.40219.1
Project("{8BC9CEB8-8B4A-11D0-8D11-00A0C91BC942}") = "task 01", "31.03.2024 homework 8\31.03.2024 homework 8.vcxproj", "{0FC8AB16-6667-42A8-A923-279B2CAE0985}"
EndProject
Project("{8BC9CEB8-8B4A-11D0-8D11-00A0C91BC942}") = "task 02", "task 02\task 02.vcxproj", "{2ED532D1-CF8E-469B-956E-D789F21512EB}"
EndProject
Project("{8BC9CEB8-8B4A-11D0-8D11-00A0C91BC942}") = "task 03", "Task03\Task03.vcxproj", "{66704A3D-2018-48AE-887A-BBE183B94E8B}"
EndProject
Project("{8BC9CEB8-8B4A-11D0-8D11-00A0C91BC942}") = "task 12", "Task 12\Task 12.vcxproj", "{48699FC5-6223-410F-8650-63504A3CC6F1}"
EndProject
Project("{8BC9CEB8-8B4A-11D0-8D11-00A0C91BC942}") = "task 06", "task 06\task 06.vcxproj", "{3C9D683F-0C50-4504-B99B-BCB344F5264B}"
EndProject
Project("{8BC9CEB8-8B4A-11D0-8D11-00A0C91BC942}") = "task 04", "task 04\task 04.vcxproj", "{43D96D13-22A0-44D9-973F-AF2A3E1A83BA}"
EndProject
Project("{8BC9CEB8-8B4A-11D0-8D11-00A0C91BC942}") = "task 11", "task 11\task 11.vcxproj", "{48C32571-C191-4485-8E91-08B190742279}"
EndProject
Project("{8BC9CEB8-8B4A-11D0-8D11-00A0C91BC942}") = "task 10", "task 10\task 10.vcxproj", "{9AE87FE6-AFC7-4D94-B2B6-F26888E80FAE}"
EndProject
Project("{8BC9CEB8-8B4A-11D0-8D11-00A0C91BC942}") = "task 05", "task 05\task 05.vcxproj", "{7E68CA25-85A2-44A7-B14E-051DB8E8C2AA}"
EndProject
Project("{8BC9CEB8-8B4A-11D0-8D11-00A0C91BC942}") = "task 07", "task 07\task 07.vcxproj", "{59FECE7B-A85A-42EC-87A1-1CD070FC4C44}"
EndProject
Project("{8BC9CEB8-8B4A-11D0-8D11-00A0C91BC942}") = "task 08", "task 08\task 08.vcxproj", "{3DECD8B9-6755-40C9-92DC-840777AEFEC5}"
EndProject
Project("{8BC9CEB8-8B4A-11D0-8D11-00A0C91BC942}") = "task 09", "task 09\task 09.vcxproj", "{C9E99353-ACD1-47DB-A4E3-9B9C9B5B76F9}"
EndProject
Project("{8BC9CEB8-8B4A-11D0-8D11-00A0C91BC942}") = "task 13", "task 13\task 13.vcxproj", "{39BD6382-3DE3-46B9-9221-DD4241A4684E}"
EndProject
Global
	GlobalSection(SolutionConfigurationPlatforms) = preSolution
		Debug|x64 = Debug|x64
		Debug|x86 = Debug|x86
		Release|x64 = Release|x64
		Release|x86 = Release|x86
	EndGlobalSection
	GlobalSection(ProjectConfigurationPlatforms) = postSolution
		{0FC8AB16-6667-42A8-A923-279B2CAE0985}.Debug|x64.ActiveCfg = Debug|x64
		{0FC8AB16-6667-42A8-A923-279B2CAE0985}.Debug|x64.Build.0 = Debug|x64
		{0FC8AB16-6667-42A8-A923-279B2CAE0985}.Debug|x86.ActiveCfg = Debug|Win32
		{0FC8AB16-6667-42A8-A923-279B2CAE0985}.Debug|x86.Build.0 = Debug|Win32
		{0FC8AB16-6667-42A8-A923-279B2CAE0985}.Release|x64.ActiveCfg = Release|x64
		{0FC8AB16-6667-42A8-A923-279B2CAE0985}.Release|x64.Build.0 = Release|x64
		{0FC8AB16-6667-42A8-A923-279B2CAE0985}.Release|x86.ActiveCfg = Release|Win32
		{0FC8AB16-6667-42A8-A923-279B2CAE0985}.Release|x86.Build.0 = Release|Win32
		{2ED532D1-CF8E-469B-956E-D789F21512EB}.Debug|x64.ActiveCfg = Debug|x64
		{2ED532D1-CF8E-469B-956E-D789F21512EB}.Debug|x64.Build.0 = Debug|x64
		{2ED532D1-CF8E-469B-956E-D789F21512EB}.Debug|x86.ActiveCfg = Debug|Win32
		{2ED532D1-CF8E-469B-956E-D789F21512EB}.Debug|x86.Build.0 = Debug|Win32
		{2ED532D1-CF8E-469B-956E-D789F21512EB}.Release|x64.ActiveCfg = Release|x64
		{2ED532D1-CF8E-469B-956E-D789F21512EB}.Release|x64.Build.0 = Release|x64
		{2ED532D1-CF8E-469B-956E-D789F21512EB}.Release|x86.ActiveCfg = Release|Win32
		{2ED532D1-CF8E-469B-956E-D789F21512EB}.Release|x86.Build.0 = Release|Win32
		{66704A3D-2018-48AE-887A-BBE183B94E8B}.Debug|x64.ActiveCfg = Debug|x64
		{66704A3D-2018-48AE-887A-BBE183B94E8B}.Debug|x64.Build.0 = Debug|x64
		{66704A3D-2018-48AE-887A-BBE183B94E8B}.Debug|x86.ActiveCfg = Debug|Win32
		{66704A3D-2018-48AE-887A-BBE183B94E8B}.Debug|x86.Build.0 = Debug|Win32
		{66704A3D-2018-48AE-887A-BBE183B94E8B}.Release|x64.ActiveCfg = Release|x64
		{66704A3D-2018-48AE-887A-BBE183B94E8B}.Release|x64.Build.0 = Release|x64
		{66704A3D-2018-48AE-887A-BBE183B94E8B}.Release|x86.ActiveCfg = Release|Win32
		{66704A3D-2018-48AE-887A-BBE183B94E8B}.Release|x86.Build.0 = Release|Win32
		{48699FC5-6223-410F-8650-63504A3CC6F1}.Debug|x64.ActiveCfg = Debug|x64
		{48699FC5-6223-410F-8650-63504A3CC6F1}.Debug|x64.Build.0 = Debug|x64
		{48699FC5-6223-410F-8650-63504A3CC6F1}.Debug|x86.ActiveCfg = Debug|Win32
		{48699FC5-6223-410F-8650-63504A3CC6F1}.Debug|x86.Build.0 = Debug|Win32
		{48699FC5-6223-410F-8650-63504A3CC6F1}.Release|x64.ActiveCfg = Release|x64
		{48699FC5-6223-410F-8650-63504A3CC6F1}.Release|x64.Build.0 = Release|x64
		{48699FC5-6223-410F-8650-63504A3CC6F1}.Release|x86.ActiveCfg = Release|Win32
		{48699FC5-6223-410F-8650-63504A3CC6F1}.Release|x86.Build.0 = Release|Win32
		{3C9D683F-0C50-4504-B99B-BCB344F5264B}.Debug|x64.ActiveCfg = Debug|x64
		{3C9D683F-0C50-4504-B99B-BCB344F5264B}.Debug|x64.Build.0 = Debug|x64
		{3C9D683F-0C50-4504-B99B-BCB344F5264B}.Debug|x86.ActiveCfg = Debug|Win32
		{3C9D683F-0C50-4504-B99B-BCB344F5264B}.Debug|x86.Build.0 = Debug|Win32
		{3C9D683F-0C50-4504-B99B-BCB344F5264B}.Release|x64.ActiveCfg = Release|x64
		{3C9D683F-0C50-4504-B99B-BCB344F5264B}.Release|x64.Build.0 = Release|x64
		{3C9D683F-0C50-4504-B99B-BCB344F5264B}.Release|x86.ActiveCfg = Release|Win32
		{3C9D683F-0C50-4504-B99B-BCB344F5264B}.Release|x86.Build.0 = Release|Win32
		{43D96D13-22A0-44D9-973F-AF2A3E1A83BA}.Debug|x64.ActiveCfg = Debug|x64
		{43D96D13-22A0-44D9-973F-AF2A3E1A83BA}.Debug|x64.Build.0 = Debug|x64
		{43D96D13-22A0-44D9-973F-AF2A3E1A83BA}.Debug|x86.ActiveCfg = Debug|Win32
		{43D96D13-22A0-44D9-973F-AF2A3E1A83BA}.Debug|x86.Build.0 = Debug|Win32
		{43D96D13-22A0-44D9-973F-AF2A3E1A83BA}.Release|x64.ActiveCfg = Release|x64
		{43D96D13-22A0-44D9-973F-AF2A3E1A83BA}.Release|x64.Build.0 = Release|x64
		{43D96D13-22A0-44D9-973F-AF2A3E1A83BA}.Release|x86.ActiveCfg = Release|Win32
		{43D96D13-22A0-44D9-973F-AF2A3E1A83BA}.Release|x86.Build.0 = Release|Win32
		{48C32571-C191-4485-8E91-08B190742279}.Debug|x64.ActiveCfg = Debug|x64
		{48C32571-C191-4485-8E91-08B190742279}.Debug|x64.Build.0 = Debug|x64
		{48C32571-C191-4485-8E91-08B190742279}.Debug|x86.ActiveCfg = Debug|Win32
		{48C32571-C191-4485-8E91-08B190742279}.Debug|x86.Build.0 = Debug|Win32
		{48C32571-C191-4485-8E91-08B190742279}.Release|x64.ActiveCfg = Release|x64
		{48C32571-C191-4485-8E91-08B190742279}.Release|x64.Build.0 = Release|x64
		{48C32571-C191-4485-8E91-08B190742279}.Release|x86.ActiveCfg = Release|Win32
		{48C32571-C191-4485-8E91-08B190742279}.Release|x86.Build.0 = Release|Win32
		{9AE87FE6-AFC7-4D94-B2B6-F26888E80FAE}.Debug|x64.ActiveCfg = Debug|x64
		{9AE87FE6-AFC7-4D94-B2B6-F26888E80FAE}.Debug|x64.Build.0 = Debug|x64
		{9AE87FE6-AFC7-4D94-B2B6-F26888E80FAE}.Debug|x86.ActiveCfg = Debug|Win32
		{9AE87FE6-AFC7-4D94-B2B6-F26888E80FAE}.Debug|x86.Build.0 = Debug|Win32
		{9AE87FE6-AFC7-4D94-B2B6-F26888E80FAE}.Release|x64.ActiveCfg = Release|x64
		{9AE87FE6-AFC7-4D94-B2B6-F26888E80FAE}.Release|x64.Build.0 = Release|x64
		{9AE87FE6-AFC7-4D94-B2B6-F26888E80FAE}.Release|x86.ActiveCfg = Release|Win32
		{9AE87FE6-AFC7-4D94-B2B6-F26888E80FAE}.Release|x86.Build.0 = Release|Win32
		{7E68CA25-85A2-44A7-B14E-051DB8E8C2AA}.Debug|x64.ActiveCfg = Debug|x64
		{7E68CA25-85A2-44A7-B14E-051DB8E8C2AA}.Debug|x64.Build.0 = Debug|x64
		{7E68CA25-85A2-44A7-B14E-051DB8E8C2AA}.Debug|x86.ActiveCfg = Debug|Win32
		{7E68CA25-85A2-44A7-B14E-051DB8E8C2AA}.Debug|x86.Build.0 = Debug|Win32
		{7E68CA25-85A2-44A7-B14E-051DB8E8C2AA}.Release|x64.ActiveCfg = Release|x64
		{7E68CA25-85A2-44A7-B14E-051DB8E8C2AA}.Release|x64.Build.0 = Release|x64
		{7E68CA25-85A2-44A7-B14E-051DB8E8C2AA}.Release|x86.ActiveCfg = Release|Win32
		{7E68CA25-85A2-44A7-B14E-051DB8E8C2AA}.Release|x86.Build.0 = Release|Win32
		{59FECE7B-A85A-42EC-87A1-1CD070FC4C44}.Debug|x64.ActiveCfg = Debug|x64
		{59FECE7B-A85A-42EC-87A1-1CD070FC4C44}.Debug|x64.Build.0 = Debug|x64
		{59FECE7B-A85A-42EC-87A1-1CD070FC4C44}.Debug|x86.ActiveCfg = Debug|Win32
		{59FECE7B-A85A-42EC-87A1-1CD070FC4C44}.Debug|x86.Build.0 = Debug|Win32
		{59FECE7B-A85A-42EC-87A1-1CD070FC4C44}.Release|x64.ActiveCfg = Release|x64
		{59FECE7B-A85A-42EC-87A1-1CD070FC4C44}.Release|x64.Build.0 = Release|x64
		{59FECE7B-A85A-42EC-87A1-1CD070FC4C44}.Release|x86.ActiveCfg = Release|Win32
		{59FECE7B-A85A-42EC-87A1-1CD070FC4C44}.Release|x86.Build.0 = Release|Win32
		{3DECD8B9-6755-40C9-92DC-840777AEFEC5}.Debug|x64.ActiveCfg = Debug|x64
		{3DECD8B9-6755-40C9-92DC-840777AEFEC5}.Debug|x64.Build.0 = Debug|x64
		{3DECD8B9-6755-40C9-92DC-840777AEFEC5}.Debug|x86.ActiveCfg = Debug|Win32
		{3DECD8B9-6755-40C9-92DC-840777AEFEC5}.Debug|x86.Build.0 = Debug|Win32
		{3DECD8B9-6755-40C9-92DC-840777AEFEC5}.Release|x64.ActiveCfg = Release|x64
		{3DECD8B9-6755-40C9-92DC-840777AEFEC5}.Release|x64.Build.0 = Release|x64
		{3DECD8B9-6755-40C9-92DC-840777AEFEC5}.Release|x86.ActiveCfg = Release|Win32
		{3DECD8B9-6755-40C9-92DC-840777AEFEC5}.Release|x86.Build.0 = Release|Win32
		{C9E99353-ACD1-47DB-A4E3-9B9C9B5B76F9}.Debug|x64.ActiveCfg = Debug|x64
		{C9E99353-ACD1-47DB-A4E3-9B9C9B5B76F9}.Debug|x64.Build.0 = Debug|x64
		{C9E99353-ACD1-47DB-A4E3-9B9C9B5B76F9}.Debug|x86.ActiveCfg = Debug|Win32
		{C9E99353-ACD1-47DB-A4E3-9B9C9B5B76F9}.Debug|x86.Build.0 = Debug|Win32
		{C9E99353-ACD1-47DB-A4E3-9B9C9B5B76F9}.Release|x64.ActiveCfg = Release|x64
		{C9E99353-ACD1-47DB-A4E3-9B9C9B5B76F9}.Release|x64.Build.0 = Release|x64
		{C9E99353-ACD1-47DB-A4E3-9B9C9B5B76F9}.Release|x86.ActiveCfg = Release|Win32
		{C9E99353-ACD1-47DB-A4E3-9B9C9B5B76F9}.Release|x86.Build.0 = Release|Win32
		{39BD6382-3DE3-46B9-9221-DD4241A4684E}.Debug|x64.ActiveCfg = Debug|x64
		{39BD6382-3DE3-46B9-9221-DD4241A4684E}.Debug|x64.Build.0 = Debug|x64
		{39BD6382-3DE3-46B9-9221-DD4241A4684E}.Debug|x86.ActiveCfg = Debug|Win32
		{39BD6382-3DE3-46B9-9221-DD4241A4684E}.Debug|x86.Build.0 = Debug|Win32
		{39BD6382-3DE3-46B9-9221-DD4241A4684E}.Release|x64.ActiveCfg = Release|x64
		{39BD6382-3DE3-46B9-9221-DD4241A4684E}.Release|x64.Build.0 = Release|x64
		{39BD6382-3DE3-46B9-9221-DD4241A4684E}.Release|x86.ActiveCfg = Release|Win32
		{39BD6382-3DE3-46B9-9221-DD4241A4684E}.Release|x86.Build.0 = Release|Win32
	EndGlobalSection
	GlobalSection(SolutionProperties) = preSolution
		HideSolutionNode = FALSE
	EndGlobalSection
	GlobalSection(ExtensibilityGlobals) = postSolution
		SolutionGuid = {8F7569A3-EA2D-454A-BB47-777304704CD5}
	EndGlobalSection
EndGlobal
