
Microsoft Visual Studio Solution File, Format Version 12.00
# Visual Studio Version 17
VisualStudioVersion = 17.7.34024.191
MinimumVisualStudioVersion = 10.0.40219.1
Project("{8BC9CEB8-8B4A-11D0-8D11-00A0C91BC942}") = "2.1", "Peresda4a2.0\Peresda4a2.0.vcxproj", "{DFF6EB28-EB65-480A-8DEF-16ACE9EF68A8}"
EndProject
Project("{8BC9CEB8-8B4A-11D0-8D11-00A0C91BC942}") = "2.2", "2.2\2.2.vcxproj", "{05D3E774-4B0B-4C2A-B304-290DDBE10BB0}"
EndProject
Project("{8BC9CEB8-8B4A-11D0-8D11-00A0C91BC942}") = "2.3", "2.3\2.3.vcxproj", "{30B6177E-E282-496C-957F-67B71CAE5389}"
EndProject
Project("{8BC9CEB8-8B4A-11D0-8D11-00A0C91BC942}") = "2.4", "2.4\2.4.vcxproj", "{D223B6AE-D9F2-435A-BBD7-DD8275F3A688}"
EndProject
Project("{8BC9CEB8-8B4A-11D0-8D11-00A0C91BC942}") = "2.5", "2.5\2.5.vcxproj", "{A93D2727-C78B-455E-B81C-71F0D313C2FE}"
EndProject
Project("{8BC9CEB8-8B4A-11D0-8D11-00A0C91BC942}") = "2.6", "2.6\2.6.vcxproj", "{D2FC2B88-5C12-4B09-AD75-D08F317B5F70}"
EndProject
Project("{8BC9CEB8-8B4A-11D0-8D11-00A0C91BC942}") = "1.1", "1.1\1.1.vcxproj", "{ECCC5309-B664-43BD-A823-478B3347D946}"
EndProject
Project("{8BC9CEB8-8B4A-11D0-8D11-00A0C91BC942}") = "1.2", "1.2\1.2.vcxproj", "{ABB077B0-2E51-4958-928C-C5C449006A73}"
EndProject
Project("{8BC9CEB8-8B4A-11D0-8D11-00A0C91BC942}") = "1.3", "1.3\1.3.vcxproj", "{69F9E5FA-4C42-4257-9D04-E3D41471A29C}"
EndProject
Project("{8BC9CEB8-8B4A-11D0-8D11-00A0C91BC942}") = "2.1", "2.1\2.1.vcxproj", "{854C70D2-1491-4297-9727-18DE9B9A7910}"
EndProject
Global
	GlobalSection(SolutionConfigurationPlatforms) = preSolution
		Debug|x64 = Debug|x64
		Debug|x86 = Debug|x86
		Release|x64 = Release|x64
		Release|x86 = Release|x86
	EndGlobalSection
	GlobalSection(ProjectConfigurationPlatforms) = postSolution
		{DFF6EB28-EB65-480A-8DEF-16ACE9EF68A8}.Debug|x64.ActiveCfg = Debug|x64
		{DFF6EB28-EB65-480A-8DEF-16ACE9EF68A8}.Debug|x64.Build.0 = Debug|x64
		{DFF6EB28-EB65-480A-8DEF-16ACE9EF68A8}.Debug|x86.ActiveCfg = Debug|Win32
		{DFF6EB28-EB65-480A-8DEF-16ACE9EF68A8}.Debug|x86.Build.0 = Debug|Win32
		{DFF6EB28-EB65-480A-8DEF-16ACE9EF68A8}.Release|x64.ActiveCfg = Release|x64
		{DFF6EB28-EB65-480A-8DEF-16ACE9EF68A8}.Release|x64.Build.0 = Release|x64
		{DFF6EB28-EB65-480A-8DEF-16ACE9EF68A8}.Release|x86.ActiveCfg = Release|Win32
		{DFF6EB28-EB65-480A-8DEF-16ACE9EF68A8}.Release|x86.Build.0 = Release|Win32
		{05D3E774-4B0B-4C2A-B304-290DDBE10BB0}.Debug|x64.ActiveCfg = Debug|x64
		{05D3E774-4B0B-4C2A-B304-290DDBE10BB0}.Debug|x64.Build.0 = Debug|x64
		{05D3E774-4B0B-4C2A-B304-290DDBE10BB0}.Debug|x86.ActiveCfg = Debug|Win32
		{05D3E774-4B0B-4C2A-B304-290DDBE10BB0}.Debug|x86.Build.0 = Debug|Win32
		{05D3E774-4B0B-4C2A-B304-290DDBE10BB0}.Release|x64.ActiveCfg = Release|x64
		{05D3E774-4B0B-4C2A-B304-290DDBE10BB0}.Release|x64.Build.0 = Release|x64
		{05D3E774-4B0B-4C2A-B304-290DDBE10BB0}.Release|x86.ActiveCfg = Release|Win32
		{05D3E774-4B0B-4C2A-B304-290DDBE10BB0}.Release|x86.Build.0 = Release|Win32
		{30B6177E-E282-496C-957F-67B71CAE5389}.Debug|x64.ActiveCfg = Debug|x64
		{30B6177E-E282-496C-957F-67B71CAE5389}.Debug|x64.Build.0 = Debug|x64
		{30B6177E-E282-496C-957F-67B71CAE5389}.Debug|x86.ActiveCfg = Debug|Win32
		{30B6177E-E282-496C-957F-67B71CAE5389}.Debug|x86.Build.0 = Debug|Win32
		{30B6177E-E282-496C-957F-67B71CAE5389}.Release|x64.ActiveCfg = Release|x64
		{30B6177E-E282-496C-957F-67B71CAE5389}.Release|x64.Build.0 = Release|x64
		{30B6177E-E282-496C-957F-67B71CAE5389}.Release|x86.ActiveCfg = Release|Win32
		{30B6177E-E282-496C-957F-67B71CAE5389}.Release|x86.Build.0 = Release|Win32
		{D223B6AE-D9F2-435A-BBD7-DD8275F3A688}.Debug|x64.ActiveCfg = Debug|x64
		{D223B6AE-D9F2-435A-BBD7-DD8275F3A688}.Debug|x64.Build.0 = Debug|x64
		{D223B6AE-D9F2-435A-BBD7-DD8275F3A688}.Debug|x86.ActiveCfg = Debug|Win32
		{D223B6AE-D9F2-435A-BBD7-DD8275F3A688}.Debug|x86.Build.0 = Debug|Win32
		{D223B6AE-D9F2-435A-BBD7-DD8275F3A688}.Release|x64.ActiveCfg = Release|x64
		{D223B6AE-D9F2-435A-BBD7-DD8275F3A688}.Release|x64.Build.0 = Release|x64
		{D223B6AE-D9F2-435A-BBD7-DD8275F3A688}.Release|x86.ActiveCfg = Release|Win32
		{D223B6AE-D9F2-435A-BBD7-DD8275F3A688}.Release|x86.Build.0 = Release|Win32
		{A93D2727-C78B-455E-B81C-71F0D313C2FE}.Debug|x64.ActiveCfg = Debug|x64
		{A93D2727-C78B-455E-B81C-71F0D313C2FE}.Debug|x64.Build.0 = Debug|x64
		{A93D2727-C78B-455E-B81C-71F0D313C2FE}.Debug|x86.ActiveCfg = Debug|Win32
		{A93D2727-C78B-455E-B81C-71F0D313C2FE}.Debug|x86.Build.0 = Debug|Win32
		{A93D2727-C78B-455E-B81C-71F0D313C2FE}.Release|x64.ActiveCfg = Release|x64
		{A93D2727-C78B-455E-B81C-71F0D313C2FE}.Release|x64.Build.0 = Release|x64
		{A93D2727-C78B-455E-B81C-71F0D313C2FE}.Release|x86.ActiveCfg = Release|Win32
		{A93D2727-C78B-455E-B81C-71F0D313C2FE}.Release|x86.Build.0 = Release|Win32
		{D2FC2B88-5C12-4B09-AD75-D08F317B5F70}.Debug|x64.ActiveCfg = Debug|x64
		{D2FC2B88-5C12-4B09-AD75-D08F317B5F70}.Debug|x64.Build.0 = Debug|x64
		{D2FC2B88-5C12-4B09-AD75-D08F317B5F70}.Debug|x86.ActiveCfg = Debug|Win32
		{D2FC2B88-5C12-4B09-AD75-D08F317B5F70}.Debug|x86.Build.0 = Debug|Win32
		{D2FC2B88-5C12-4B09-AD75-D08F317B5F70}.Release|x64.ActiveCfg = Release|x64
		{D2FC2B88-5C12-4B09-AD75-D08F317B5F70}.Release|x64.Build.0 = Release|x64
		{D2FC2B88-5C12-4B09-AD75-D08F317B5F70}.Release|x86.ActiveCfg = Release|Win32
		{D2FC2B88-5C12-4B09-AD75-D08F317B5F70}.Release|x86.Build.0 = Release|Win32
		{ECCC5309-B664-43BD-A823-478B3347D946}.Debug|x64.ActiveCfg = Debug|x64
		{ECCC5309-B664-43BD-A823-478B3347D946}.Debug|x64.Build.0 = Debug|x64
		{ECCC5309-B664-43BD-A823-478B3347D946}.Debug|x86.ActiveCfg = Debug|Win32
		{ECCC5309-B664-43BD-A823-478B3347D946}.Debug|x86.Build.0 = Debug|Win32
		{ECCC5309-B664-43BD-A823-478B3347D946}.Release|x64.ActiveCfg = Release|x64
		{ECCC5309-B664-43BD-A823-478B3347D946}.Release|x64.Build.0 = Release|x64
		{ECCC5309-B664-43BD-A823-478B3347D946}.Release|x86.ActiveCfg = Release|Win32
		{ECCC5309-B664-43BD-A823-478B3347D946}.Release|x86.Build.0 = Release|Win32
		{ABB077B0-2E51-4958-928C-C5C449006A73}.Debug|x64.ActiveCfg = Debug|x64
		{ABB077B0-2E51-4958-928C-C5C449006A73}.Debug|x64.Build.0 = Debug|x64
		{ABB077B0-2E51-4958-928C-C5C449006A73}.Debug|x86.ActiveCfg = Debug|Win32
		{ABB077B0-2E51-4958-928C-C5C449006A73}.Debug|x86.Build.0 = Debug|Win32
		{ABB077B0-2E51-4958-928C-C5C449006A73}.Release|x64.ActiveCfg = Release|x64
		{ABB077B0-2E51-4958-928C-C5C449006A73}.Release|x64.Build.0 = Release|x64
		{ABB077B0-2E51-4958-928C-C5C449006A73}.Release|x86.ActiveCfg = Release|Win32
		{ABB077B0-2E51-4958-928C-C5C449006A73}.Release|x86.Build.0 = Release|Win32
		{69F9E5FA-4C42-4257-9D04-E3D41471A29C}.Debug|x64.ActiveCfg = Debug|x64
		{69F9E5FA-4C42-4257-9D04-E3D41471A29C}.Debug|x64.Build.0 = Debug|x64
		{69F9E5FA-4C42-4257-9D04-E3D41471A29C}.Debug|x86.ActiveCfg = Debug|Win32
		{69F9E5FA-4C42-4257-9D04-E3D41471A29C}.Debug|x86.Build.0 = Debug|Win32
		{69F9E5FA-4C42-4257-9D04-E3D41471A29C}.Release|x64.ActiveCfg = Release|x64
		{69F9E5FA-4C42-4257-9D04-E3D41471A29C}.Release|x64.Build.0 = Release|x64
		{69F9E5FA-4C42-4257-9D04-E3D41471A29C}.Release|x86.ActiveCfg = Release|Win32
		{69F9E5FA-4C42-4257-9D04-E3D41471A29C}.Release|x86.Build.0 = Release|Win32
		{854C70D2-1491-4297-9727-18DE9B9A7910}.Debug|x64.ActiveCfg = Debug|x64
		{854C70D2-1491-4297-9727-18DE9B9A7910}.Debug|x64.Build.0 = Debug|x64
		{854C70D2-1491-4297-9727-18DE9B9A7910}.Debug|x86.ActiveCfg = Debug|Win32
		{854C70D2-1491-4297-9727-18DE9B9A7910}.Debug|x86.Build.0 = Debug|Win32
		{854C70D2-1491-4297-9727-18DE9B9A7910}.Release|x64.ActiveCfg = Release|x64
		{854C70D2-1491-4297-9727-18DE9B9A7910}.Release|x64.Build.0 = Release|x64
		{854C70D2-1491-4297-9727-18DE9B9A7910}.Release|x86.ActiveCfg = Release|Win32
		{854C70D2-1491-4297-9727-18DE9B9A7910}.Release|x86.Build.0 = Release|Win32
	EndGlobalSection
	GlobalSection(SolutionProperties) = preSolution
		HideSolutionNode = FALSE
	EndGlobalSection
	GlobalSection(ExtensibilityGlobals) = postSolution
		SolutionGuid = {1B0D8F79-C18D-49F4-97D1-4F4BA47B0541}
	EndGlobalSection
EndGlobal
